github.com/lxn/win v0.0.0-20210218163916-a377121e959e h1:H+t6A/QJMbhCSEH5rAuRxh+CtW96g0Or0Fxa9IKr4uc=
github.com/lxn/win v0.0.0-20210218163916-a377121e959e/go.mod h1:KxxjdtRkfNoYDCUP5ryK7XJJNTnpC8atvtmTheChOtk=
github.com/oldkingnearby/win v1.0.0 h1:UEvDIwMevnhWYkuw0EpI6FgXCBwdVMLBbCg9hn+Ql94=
github.com/oldkingnearby/win v1.0.0/go.mod h1:ouWl4wViUNh8tPSIwxTVMuS014WakR1hqvBc2I0bMoA=
golang.org/x/sys v0.0.0-20190904154756-749cb33beabd/go.mod h1:h1NjWce9XRLGQEsW7wpKNCjG9DtNlClVuFLEZdDNbEs=
golang.org/x/sys v0.0.0-20201018230417-eeed37f84f13/go.mod h1:h1NjWce9XRLGQEsW7wpKNCjG9DtNlClVuFLEZdDNbEs=
golang.org/x/sys v0.0.0-20210228012217-479acdf4ea46 h1:V066+OYJ66oTjnhm4Yrn7SXIwSCiDQJxpBxmvqb1N1c=
golang.org/x/sys v0.0.0-20210228012217-479acdf4ea46/go.mod h1:h1NjWce9XRLGQEsW7wpKNCjG9DtNlClVuFLEZdDNbEs=
gopkg.in/Knetic/govaluate.v3 v3.0.0 h1:18mUyIt4ZlRlFZAAfVetz4/rzlJs9yhN+U02F4u1AOc=
gopkg.in/Knetic/govaluate.v3 v3.0.0/go.mod h1:csKLBORsPbafmSCGTEh3U7Ozmsuq8ZSIlKk1bcqph0E=
